{
  "version": 4,
  "terraform_version": "1.10.5",
  "serial": 109,
  "lineage": "34283309-883d-047e-d991-57a542aaa8b1",
  "outputs": {},
  "resources": [
    {
      "mode": "managed",
      "type": "azurerm_linux_web_app",
      "name": "bestrongdot-net-app",
      "provider": "provider[\"registry.terraform.io/hashicorp/azurerm\"]",
      "instances": [
        {
          "schema_version": 1,
          "attributes": {
            "app_settings": {
              "WEBSITES_PORT": "80"
            },
            "auth_settings": [],
            "auth_settings_v2": [],
            "backup": [],
            "client_affinity_enabled": false,
            "client_certificate_enabled": false,
            "client_certificate_exclusion_paths": "",
            "client_certificate_mode": "Required",
            "connection_string": [],
            "custom_domain_verification_id": "03A5ADB3DD97A4AF607156049E8869B36CC69979C2A6169B502B71A8E0CB967A",
            "default_hostname": "bestrongdot-net-app.azurewebsites.net",
            "enabled": true,
            "ftp_publish_basic_authentication_enabled": true,
            "hosting_environment_id": "",
            "https_only": false,
            "id": "/subscriptions/a42939ef-0995-48fe-84c1-d0e0333ca1d7/resourceGroups/mainresources/providers/Microsoft.Web/sites/bestrongdot-net-app",
            "identity": [],
            "key_vault_reference_identity_id": "SystemAssigned",
            "kind": "app,linux,container",
            "location": "northeurope",
            "logs": [],
            "name": "bestrongdot-net-app",
            "outbound_ip_address_list": [
              "172.205.89.94",
              "40.127.217.225",
              "172.205.81.104",
              "172.205.72.172",
              "40.127.219.106",
              "72.145.42.4",
              "20.93.31.162",
              "20.93.31.207",
              "20.93.31.227",
              "20.105.104.49",
              "20.105.104.59",
              "20.93.28.94",
              "20.50.64.26"
            ],
            "outbound_ip_addresses": "172.205.89.94,40.127.217.225,172.205.81.104,172.205.72.172,40.127.219.106,72.145.42.4,20.93.31.162,20.93.31.207,20.93.31.227,20.105.104.49,20.105.104.59,20.93.28.94,20.50.64.26",
            "possible_outbound_ip_address_list": [
              "172.205.89.94",
              "40.127.217.225",
              "172.205.81.104",
              "172.205.72.172",
              "40.127.219.106",
              "72.145.42.4",
              "20.93.31.162",
              "20.93.31.207",
              "20.93.31.227",
              "20.105.104.49",
              "20.105.104.59",
              "20.93.28.94",
              "20.93.31.19",
              "20.105.104.93",
              "20.105.104.104",
              "20.93.29.117",
              "20.105.104.166",
              "20.105.104.240",
              "20.105.104.243",
              "20.105.105.45",
              "20.105.105.97",
              "20.93.29.16",
              "20.93.24.190",
              "20.105.105.120",
              "20.107.146.85",
              "20.107.146.95",
              "20.107.146.131",
              "20.67.189.130",
              "20.107.146.146",
              "20.107.146.200",
              "20.50.64.26"
            ],
            "possible_outbound_ip_addresses": "172.205.89.94,40.127.217.225,172.205.81.104,172.205.72.172,40.127.219.106,72.145.42.4,20.93.31.162,20.93.31.207,20.93.31.227,20.105.104.49,20.105.104.59,20.93.28.94,20.93.31.19,20.105.104.93,20.105.104.104,20.93.29.117,20.105.104.166,20.105.104.240,20.105.104.243,20.105.105.45,20.105.105.97,20.93.29.16,20.93.24.190,20.105.105.120,20.107.146.85,20.107.146.95,20.107.146.131,20.67.189.130,20.107.146.146,20.107.146.200,20.50.64.26",
            "public_network_access_enabled": true,
            "resource_group_name": "mainresources",
            "service_plan_id": "/subscriptions/a42939ef-0995-48fe-84c1-d0e0333ca1d7/resourceGroups/mainresources/providers/Microsoft.Web/serverFarms/service-plan",
            "site_config": [
              {
                "always_on": true,
                "api_definition_url": "",
                "api_management_api_id": "",
                "app_command_line": "",
                "application_stack": [
                  {
                    "docker_image_name": "bestrongexample.azurecr.io/jdemehw:latest",
                    "docker_registry_password": "6nazSRHv5aMMaVMsUwoUlBQu/+LG2XeaKEE+9nnp8/+ACRA02Dyt",
                    "docker_registry_url": "https://bestrongexample.azurecr.io",
                    "docker_registry_username": "bestrongexample",
                    "dotnet_version": "",
                    "go_version": "",
                    "java_server": "",
                    "java_server_version": "",
                    "java_version": "",
                    "node_version": "",
                    "php_version": "",
                    "python_version": "",
                    "ruby_version": ""
                  }
                ],
                "auto_heal_setting": [],
                "container_registry_managed_identity_client_id": "",
                "container_registry_use_managed_identity": false,
                "cors": [],
                "default_documents": [
                  "Default.htm",
                  "Default.html",
                  "Default.asp",
                  "index.htm",
                  "index.html",
                  "iisstart.htm",
                  "default.aspx",
                  "index.php",
                  "hostingstart.html"
                ],
                "detailed_error_logging_enabled": false,
                "ftps_state": "Disabled",
                "health_check_eviction_time_in_min": 0,
                "health_check_path": "",
                "http2_enabled": false,
                "ip_restriction": [],
                "ip_restriction_default_action": "Allow",
                "linux_fx_version": "DOCKER|bestrongexample.azurecr.io/bestrongexample.azurecr.io/jdemehw:latest",
                "load_balancing_mode": "LeastRequests",
                "local_mysql_enabled": false,
                "managed_pipeline_mode": "Integrated",
                "minimum_tls_version": "1.2",
                "remote_debugging_enabled": false,
                "remote_debugging_version": "VS2022",
                "scm_ip_restriction": [],
                "scm_ip_restriction_default_action": "Allow",
                "scm_minimum_tls_version": "1.2",
                "scm_type": "None",
                "scm_use_main_ip_restriction": false,
                "use_32_bit_worker": true,
                "vnet_route_all_enabled": false,
                "websockets_enabled": false,
                "worker_count": 1
              }
            ],
            "site_credential": [
              {
                "name": "$bestrongdot-net-app",
                "password": "NzX99EWLsuHit4Evw0rZC7GimZdBmEf9nWzi6bYeLsYs0wGQe9BqxW8pggrr"
              }
            ],
            "sticky_settings": [],
            "storage_account": [],
            "tags": {},
            "timeouts": null,
            "virtual_network_backup_restore_enabled": false,
            "virtual_network_subnet_id": "",
            "webdeploy_publish_basic_authentication_enabled": true,
            "zip_deploy_file": ""
          },
          "sensitive_attributes": [
            [
              {
                "type": "get_attr",
                "value": "site_config"
              },
              {
                "type": "index",
                "value": {
                  "value": 0,
                  "type": "number"
                }
              },
              {
                "type": "get_attr",
                "value": "application_stack"
              },
              {
                "type": "index",
                "value": {
                  "value": 0,
                  "type": "number"
                }
              },
              {
                "type": "get_attr",
                "value": "docker_registry_password"
              }
            ],
            [
              {
                "type": "get_attr",
                "value": "site_credential"
              }
            ],
            [
              {
                "type": "get_attr",
                "value": "custom_domain_verification_id"
              }
            ]
          ],
          "private": "eyJlMmJmYjczMC1lY2FhLTExZTYtOGY4OC0zNDM2M2JjN2M0YzAiOnsiY3JlYXRlIjoxODAwMDAwMDAwMDAwLCJkZWxldGUiOjE4MDAwMDAwMDAwMDAsInJlYWQiOjMwMDAwMDAwMDAwMCwidXBkYXRlIjoxODAwMDAwMDAwMDAwfSwic2NoZW1hX3ZlcnNpb24iOiIxIn0=",
          "dependencies": [
            "azurerm_resource_group.main_rsg",
            "azurerm_service_plan.first-plan"
          ]
        }
      ]
    },
    {
      "mode": "managed",
      "type": "azurerm_resource_group",
      "name": "main_rsg",
      "provider": "provider[\"registry.terraform.io/hashicorp/azurerm\"]",
      "instances": [
        {
          "schema_version": 0,
          "attributes": {
            "id": "/subscriptions/a42939ef-0995-48fe-84c1-d0e0333ca1d7/resourceGroups/mainresources",
            "location": "eastus",
            "managed_by": "",
            "name": "mainresources",
            "tags": {},
            "timeouts": null
          },
          "sensitive_attributes": [],
          "private": "eyJlMmJmYjczMC1lY2FhLTExZTYtOGY4OC0zNDM2M2JjN2M0YzAiOnsiY3JlYXRlIjo1NDAwMDAwMDAwMDAwLCJkZWxldGUiOjU0MDAwMDAwMDAwMDAsInJlYWQiOjMwMDAwMDAwMDAwMCwidXBkYXRlIjo1NDAwMDAwMDAwMDAwfX0="
        }
      ]
    },
    {
      "mode": "managed",
      "type": "azurerm_service_plan",
      "name": "first-plan",
      "provider": "provider[\"registry.terraform.io/hashicorp/azurerm\"]",
      "instances": [
        {
          "schema_version": 1,
          "attributes": {
            "app_service_environment_id": "",
            "id": "/subscriptions/a42939ef-0995-48fe-84c1-d0e0333ca1d7/resourceGroups/mainresources/providers/Microsoft.Web/serverFarms/service-plan",
            "kind": "linux",
            "location": "northeurope",
            "maximum_elastic_worker_count": 1,
            "name": "service-plan",
            "os_type": "Linux",
            "per_site_scaling_enabled": false,
            "premium_plan_auto_scale_enabled": false,
            "reserved": true,
            "resource_group_name": "mainresources",
            "sku_name": "B1",
            "tags": {},
            "timeouts": null,
            "worker_count": 1,
            "zone_balancing_enabled": false
          },
          "sensitive_attributes": [],
          "private": "eyJlMmJmYjczMC1lY2FhLTExZTYtOGY4OC0zNDM2M2JjN2M0YzAiOnsiY3JlYXRlIjozNjAwMDAwMDAwMDAwLCJkZWxldGUiOjM2MDAwMDAwMDAwMDAsInJlYWQiOjMwMDAwMDAwMDAwMCwidXBkYXRlIjozNjAwMDAwMDAwMDAwfSwic2NoZW1hX3ZlcnNpb24iOiIxIn0=",
          "dependencies": [
            "azurerm_resource_group.main_rsg"
          ]
        }
      ]
    },
    {
      "mode": "managed",
      "type": "azurerm_subnet",
      "name": "default-subnet",
      "provider": "provider[\"registry.terraform.io/hashicorp/azurerm\"]",
      "instances": [
        {
          "schema_version": 0,
          "attributes": {
            "address_prefixes": [
              "10.0.1.0/24"
            ],
            "default_outbound_access_enabled": true,
            "delegation": [],
            "id": "/subscriptions/a42939ef-0995-48fe-84c1-d0e0333ca1d7/resourceGroups/mainresources/providers/Microsoft.Network/virtualNetworks/first-vnet/subnets/default-subnet",
            "name": "default-subnet",
            "private_endpoint_network_policies": "Disabled",
            "private_link_service_network_policies_enabled": true,
            "resource_group_name": "mainresources",
            "service_endpoint_policy_ids": [],
            "service_endpoints": [
              "Microsoft.KeyVault",
              "Microsoft.Sql",
              "Microsoft.Storage"
            ],
            "timeouts": null,
            "virtual_network_name": "first-vnet"
          },
          "sensitive_attributes": [],
          "private": "eyJlMmJmYjczMC1lY2FhLTExZTYtOGY4OC0zNDM2M2JjN2M0YzAiOnsiY3JlYXRlIjoxODAwMDAwMDAwMDAwLCJkZWxldGUiOjE4MDAwMDAwMDAwMDAsInJlYWQiOjMwMDAwMDAwMDAwMCwidXBkYXRlIjoxODAwMDAwMDAwMDAwfX0=",
          "dependencies": [
            "azurerm_resource_group.main_rsg",
            "azurerm_virtual_network.first-vnet"
          ]
        }
      ]
    },
    {
      "mode": "managed",
      "type": "azurerm_virtual_network",
      "name": "first-vnet",
      "provider": "provider[\"registry.terraform.io/hashicorp/azurerm\"]",
      "instances": [
        {
          "schema_version": 0,
          "attributes": {
            "address_space": [
              "10.0.0.0/16"
            ],
            "bgp_community": "",
            "ddos_protection_plan": [],
            "dns_servers": [],
            "edge_zone": "",
            "encryption": [],
            "flow_timeout_in_minutes": 0,
            "guid": "3bbacb81-7abe-4b6a-be75-8a7c912144de",
            "id": "/subscriptions/a42939ef-0995-48fe-84c1-d0e0333ca1d7/resourceGroups/mainresources/providers/Microsoft.Network/virtualNetworks/first-vnet",
            "location": "eastus",
            "name": "first-vnet",
            "private_endpoint_vnet_policies": "Disabled",
            "resource_group_name": "mainresources",
            "subnet": [
              {
                "address_prefixes": [
                  "10.0.1.0/24"
                ],
                "default_outbound_access_enabled": true,
                "delegation": [],
                "id": "/subscriptions/a42939ef-0995-48fe-84c1-d0e0333ca1d7/resourceGroups/mainresources/providers/Microsoft.Network/virtualNetworks/first-vnet/subnets/default-subnet",
                "name": "default-subnet",
                "private_endpoint_network_policies": "Disabled",
                "private_link_service_network_policies_enabled": true,
                "route_table_id": "",
                "security_group": "",
                "service_endpoint_policy_ids": [],
                "service_endpoints": [
                  "Microsoft.KeyVault",
                  "Microsoft.Sql",
                  "Microsoft.Storage"
                ]
              }
            ],
            "tags": {},
            "timeouts": null
          },
          "sensitive_attributes": [],
          "private": "eyJlMmJmYjczMC1lY2FhLTExZTYtOGY4OC0zNDM2M2JjN2M0YzAiOnsiY3JlYXRlIjoxODAwMDAwMDAwMDAwLCJkZWxldGUiOjE4MDAwMDAwMDAwMDAsInJlYWQiOjMwMDAwMDAwMDAwMCwidXBkYXRlIjoxODAwMDAwMDAwMDAwfX0=",
          "dependencies": [
            "azurerm_resource_group.main_rsg"
          ]
        }
      ]
    }
  ],
  "check_results": null
}
